
Microsoft Visual Studio Solution File, Format Version 12.00
# Visual Studio Version 16
VisualStudioVersion = 16.0.30611.23
MinimumVisualStudioVersion = 10.0.40219.1
Project("{8BC9CEB8-8B4A-11D0-8D11-00A0C91BC942}") = "task7", "task7.vcxproj", "{D2FF9363-8B57-4D29-9F85-2DF3E44F7492}"
EndProject
Global
	GlobalSection(SolutionConfigurationPlatforms) = preSolution
		Debug|x64 = Debug|x64
		Debug|x86 = Debug|x86
		Release|x64 = Release|x64
		Release|x86 = Release|x86
	EndGlobalSection
	GlobalSection(ProjectConfigurationPlatforms) = postSolution
		{D2FF9363-8B57-4D29-9F85-2DF3E44F7492}.Debug|x64.ActiveCfg = Debug|x64
		{D2FF9363-8B57-4D29-9F85-2DF3E44F7492}.Debug|x64.Build.0 = Debug|x64
		{D2FF9363-8B57-4D29-9F85-2DF3E44F7492}.Debug|x86.ActiveCfg = Debug|Win32
		{D2FF9363-8B57-4D29-9F85-2DF3E44F7492}.Debug|x86.Build.0 = Debug|Win32
		{D2FF9363-8B57-4D29-9F85-2DF3E44F7492}.Release|x64.ActiveCfg = Release|x64
		{D2FF9363-8B57-4D29-9F85-2DF3E44F7492}.Release|x64.Build.0 = Release|x64
		{D2FF9363-8B57-4D29-9F85-2DF3E44F7492}.Release|x86.ActiveCfg = Release|Win32
		{D2FF9363-8B57-4D29-9F85-2DF3E44F7492}.Release|x86.Build.0 = Release|Win32
	EndGlobalSection
	GlobalSection(SolutionProperties) = preSolution
		HideSolutionNode = FALSE
	EndGlobalSection
	GlobalSection(ExtensibilityGlobals) = postSolution
		SolutionGuid = {C20AF6D4-3416-41D3-8EEF-E17C6F2CAF24}
	EndGlobalSection
EndGlobal
